
Microsoft Visual Studio Solution File, Format Version 12.00
# Visual Studio 2013
VisualStudioVersion = 12.0.31101.0
MinimumVisualStudioVersion = 10.0.40219.1
Project("{8BC9CEB8-8B4A-11D0-8D11-00A0C91BC942}") = "BombThrow", "BombThrow\BombThrow.vcxproj", "{3901E840-4769-49EC-AC6E-22219F6D3DB4}"
EndProject
Project("{2150E333-8FDC-42A3-9474-1A3956D46DE8}") = "Solution Items", "Solution Items", "{16D05612-399F-45BD-BD8B-AA39E6FB0313}"
	ProjectSection(SolutionItems) = preProject
		Performance1.psess = Performance1.psess
	EndProjectSection
EndProject
Global
	GlobalSection(SolutionConfigurationPlatforms) = preSolution
		Debug|Win32 = Debug|Win32
		Release|Win32 = Release|Win32
	EndGlobalSection
	GlobalSection(ProjectConfigurationPlatforms) = postSolution
		{3901E840-4769-49EC-AC6E-22219F6D3DB4}.Debug|Win32.ActiveCfg = Debug|Win32
		{3901E840-4769-49EC-AC6E-22219F6D3DB4}.Debug|Win32.Build.0 = Debug|Win32
		{3901E840-4769-49EC-AC6E-22219F6D3DB4}.Release|Win32.ActiveCfg = Release|Win32
		{3901E840-4769-49EC-AC6E-22219F6D3DB4}.Release|Win32.Build.0 = Release|Win32
	EndGlobalSection
	GlobalSection(SolutionProperties) = preSolution
		HideSolutionNode = FALSE
	EndGlobalSection
EndGlobal
