<?xml version="1.0" encoding="utf-8"?>
<Project ToolsVersion="4.0" xmlns="http://schemas.microsoft.com/developer/msbuild/2003">
  <ItemGroup>
    <Filter Include="Resource Files">
      <UniqueIdentifier>{67DA6AB6-F800-4c08-8B7A-83BB121AAD01}</UniqueIdentifier>
      <Extensions>rc;ico;cur;bmp;dlg;rc2;rct;bin;rgs;gif;jpg;jpeg;jpe;resx;tiff;tif;png;wav;mfcribbon-ms</Extensions>
    </Filter>
    <Filter Include="Physics">
      <UniqueIdentifier>{5adb72b0-4d75-49c7-9c87-0fec8625dd2a}</UniqueIdentifier>
    </Filter>
    <Filter Include="Graphics">
      <UniqueIdentifier>{5cd6cd4c-916d-44a4-9c9f-12deb20e9eef}</UniqueIdentifier>
    </Filter>
    <Filter Include="Core">
      <UniqueIdentifier>{aaabb1e8-7d40-4b88-9c9c-da4a28815725}</UniqueIdentifier>
    </Filter>
    <Filter Include="Utilities">
      <UniqueIdentifier>{c5f42bb3-b9f1-454f-b015-d8ec5b0fb82e}</UniqueIdentifier>
    </Filter>
    <Filter Include="Managers">
      <UniqueIdentifier>{55df3cd2-73f0-42b4-ba90-b6134c14f3ab}</UniqueIdentifier>
    </Filter>
    <Filter Include="Graphics\Managers">
      <UniqueIdentifier>{b06325d7-1508-493c-ab14-332809941e46}</UniqueIdentifier>
    </Filter>
    <Filter Include="Graphics\Renderers">
      <UniqueIdentifier>{787676b2-d3bb-4fb6-9f33-1431f4edb069}</UniqueIdentifier>
    </Filter>
    <Filter Include="Core\GameObjects">
      <UniqueIdentifier>{0f509ff5-0cc7-439e-9009-aad96900f10a}</UniqueIdentifier>
    </Filter>
    <Filter Include="THEGAME">
      <UniqueIdentifier>{8cf8a739-5813-43bb-b803-a729802e07c8}</UniqueIdentifier>
    </Filter>
    <Filter Include="THEGAME\BomberThrower">
      <UniqueIdentifier>{93e39bd0-8422-4919-a0f6-1fa4249e4830}</UniqueIdentifier>
    </Filter>
    <Filter Include="THEGAME\Testing">
      <UniqueIdentifier>{9722ca1d-bef6-4de4-9a99-d6512bcceeda}</UniqueIdentifier>
    </Filter>
    <Filter Include="THEGAME\Testing\daviD">
      <UniqueIdentifier>{9b560a50-9839-45d8-9623-0dcae9077274}</UniqueIdentifier>
    </Filter>
    <Filter Include="THEGAME\Testing\General">
      <UniqueIdentifier>{bcdd1cb2-a995-4ec2-a922-c01e3adcf098}</UniqueIdentifier>
    </Filter>
    <Filter Include="Graphics\Core">
      <UniqueIdentifier>{df6e64f4-22fd-49a6-a200-de5c3edde845}</UniqueIdentifier>
    </Filter>
    <Filter Include="Shaders">
      <UniqueIdentifier>{18137c1c-7479-4b4a-99b6-4a00b9f95382}</UniqueIdentifier>
    </Filter>
    <Filter Include="Graphics\Shaders">
      <UniqueIdentifier>{cad767ff-072e-4c5c-8018-57833ab979bc}</UniqueIdentifier>
    </Filter>
  </ItemGroup>
  <ItemGroup>
    <ClCompile Include="main.cpp" />
    <ClCompile Include="GraphicsManager.cpp">
      <Filter>Graphics\Managers</Filter>
    </ClCompile>
    <ClCompile Include="IRendererManager.cpp">
      <Filter>Graphics\Managers</Filter>
    </ClCompile>
    <ClCompile Include="DX11Manager.cpp">
      <Filter>Graphics\Managers</Filter>
    </ClCompile>
    <ClCompile Include="Renderer.cpp">
      <Filter>Graphics\Renderers</Filter>
    </ClCompile>
    <ClCompile Include="GameObject.cpp">
      <Filter>Core\GameObjects</Filter>
    </ClCompile>
    <ClCompile Include="ComponentBase.cpp">
      <Filter>Core\GameObjects</Filter>
    </ClCompile>
    <ClCompile Include="GameObjectManager.cpp">
      <Filter>Core\GameObjects</Filter>
    </ClCompile>
    <ClCompile Include="CustomBehavior.cpp">
      <Filter>Core\GameObjects</Filter>
    </ClCompile>
    <ClCompile Include="daviDsTestFactory.cpp">
      <Filter>THEGAME\Testing\daviD</Filter>
    </ClCompile>
    <ClCompile Include="CubeFactory.cpp">
      <Filter>THEGAME\Testing\General</Filter>
    </ClCompile>
    <ClCompile Include="Mesh.cpp">
      <Filter>Graphics\Core</Filter>
    </ClCompile>
    <ClCompile Include="MeshRenderer.cpp">
      <Filter>Graphics\Renderers</Filter>
    </ClCompile>
    <ClCompile Include="Texture.cpp">
      <Filter>Graphics\Core</Filter>
    </ClCompile>
    <ClCompile Include="Shader.cpp">
      <Filter>Graphics\Core</Filter>
    </ClCompile>
    <ClCompile Include="TextureShader.cpp" />
  </ItemGroup>
  <ItemGroup>
    <ClInclude Include="IRendererManager.h">
      <Filter>Graphics\Managers</Filter>
    </ClInclude>
    <ClInclude Include="GraphicsManager.h">
      <Filter>Graphics\Managers</Filter>
    </ClInclude>
    <ClInclude Include="DX11Manager.h">
      <Filter>Graphics\Managers</Filter>
    </ClInclude>
    <ClInclude Include="Renderer.h">
      <Filter>Graphics\Renderers</Filter>
    </ClInclude>
    <ClInclude Include="GameObject.h">
      <Filter>Core\GameObjects</Filter>
    </ClInclude>
    <ClInclude Include="ComponentBase.h">
      <Filter>Core\GameObjects</Filter>
    </ClInclude>
    <ClInclude Include="GameObjectManager.h">
      <Filter>Core\GameObjects</Filter>
    </ClInclude>
    <ClInclude Include="CustomBehavior.h">
      <Filter>Core\GameObjects</Filter>
    </ClInclude>
    <ClInclude Include="daviDsTestFactory.h">
      <Filter>THEGAME\Testing\daviD</Filter>
    </ClInclude>
    <ClInclude Include="CubeFactory.h">
      <Filter>THEGAME\Testing\General</Filter>
    </ClInclude>
    <ClInclude Include="Mesh.h">
      <Filter>Graphics\Core</Filter>
    </ClInclude>
    <ClInclude Include="MeshRenderer.h">
      <Filter>Graphics\Renderers</Filter>
    </ClInclude>
    <ClInclude Include="Texture.h">
      <Filter>Graphics\Core</Filter>
    </ClInclude>
    <ClInclude Include="Shader.h">
      <Filter>Graphics\Core</Filter>
    </ClInclude>
    <ClInclude Include="TextureShader.h" />
  </ItemGroup>
  <ItemGroup>
    <None Include="TextureShaderUnlit.ps">
      <Filter>Shaders</Filter>
    </None>
    <None Include="TextureShaderUnlit.vs">
      <Filter>Shaders</Filter>
    </None>
  </ItemGroup>
</Project>